
Microsoft Visual Studio Solution File, Format Version 12.00
# Visual Studio 15
VisualStudioVersion = 15.0.28307.421
MinimumVisualStudioVersion = 10.0.40219.1
Project("{FAE04EC0-301F-11D3-BF4B-00C04F79EFBC}") = "HotelRoomManagementSystem", "HotelRoomManagementSystem\HotelRoomManagementSystem.csproj", "{B1C53540-4CBB-45EA-96CB-AEE72D552393}"
EndProject
Global
	GlobalSection(SolutionConfigurationPlatforms) = preSolution
		Debug|Any CPU = Debug|Any CPU
		Release|Any CPU = Release|Any CPU
	EndGlobalSection
	GlobalSection(ProjectConfigurationPlatforms) = postSolution
		{B1C53540-4CBB-45EA-96CB-AEE72D552393}.Debug|Any CPU.ActiveCfg = Debug|Any CPU
		{B1C53540-4CBB-45EA-96CB-AEE72D552393}.Debug|Any CPU.Build.0 = Debug|Any CPU
		{B1C53540-4CBB-45EA-96CB-AEE72D552393}.Release|Any CPU.ActiveCfg = Release|Any CPU
		{B1C53540-4CBB-45EA-96CB-AEE72D552393}.Release|Any CPU.Build.0 = Release|Any CPU
	EndGlobalSection
	GlobalSection(SolutionProperties) = preSolution
		HideSolutionNode = FALSE
	EndGlobalSection
	GlobalSection(ExtensibilityGlobals) = postSolution
		SolutionGuid = {075B77DB-75B6-4C38-B964-C12272B058B2}
	EndGlobalSection
EndGlobal
